
Microsoft Visual Studio Solution File, Format Version 12.00
# Visual Studio 15
VisualStudioVersion = 15.0.27130.2026
MinimumVisualStudioVersion = 10.0.40219.1
Project("{FAE04EC0-301F-11D3-BF4B-00C04F79EFBC}") = "Image sort.Logic", "Image sort.Logic\Image sort.Logic.csproj", "{09D2909F-A180-453E-B278-85D0A0BD02DD}"
EndProject
Project("{FAE04EC0-301F-11D3-BF4B-00C04F79EFBC}") = "Image sort.UI", "Image sort.UI\Image sort.UI.csproj", "{8A0D2E27-B4E1-48C4-BF8F-6FC6117E42BB}"
EndProject
Project("{54435603-DBB4-11D2-8724-00A0C9A8B90C}") = "Image Sort Installer", "Image Sort Installer\Image Sort Installer.vdproj", "{7AA4FE7C-3802-44D6-BA06-951437215C99}"
EndProject
Project("{FAE04EC0-301F-11D3-BF4B-00C04F79EFBC}") = "Image sort.Update", "Image sort.Update\Image sort.Update.csproj", "{63D944ED-ED17-49C5-A78D-DC7D76E567D1}"
EndProject
Project("{2150E333-8FDC-42A3-9474-1A3956D46DE8}") = "Solution Items", "Solution Items", "{8BBE6427-50A6-470A-B123-BD8D9DBB055B}"
	ProjectSection(SolutionItems) = preProject
		.editorconfig = .editorconfig
		.gitignore = .gitignore
	EndProjectSection
EndProject
Project("{C7167F0D-BC9F-4E6E-AFE1-012C56B48DB5}") = "Image sort.uwp", "Image sort.uwp\Image sort.uwp.wapproj", "{194CEC44-DFFC-474D-8729-45B684DCD1D0}"
EndProject
Project("{9A19103F-16F7-4668-BE54-9A1E7A4F7556}") = "Image sort.Communication", "Image sort.Communication\Image sort.Communication.csproj", "{A753ABEC-7E6B-4CF5-BAE3-FB53FCAD2195}"
EndProject
Project("{FAE04EC0-301F-11D3-BF4B-00C04F79EFBC}") = "Image sort.UI.Core", "Image sort.UI.Core\Image sort.UI.Core.csproj", "{0382F264-B1C0-4772-9B1A-4634862746D4}"
EndProject
Project("{FAE04EC0-301F-11D3-BF4B-00C04F79EFBC}") = "Image sort.UI.UnitTests", "Image sort.UI.UnitTests\Image sort.UI.UnitTests.csproj", "{2322AA7B-6C63-40DC-9413-B646ED98813A}"
EndProject
Global
	GlobalSection(SolutionConfigurationPlatforms) = preSolution
		Debug|Any CPU = Debug|Any CPU
		Debug|x64 = Debug|x64
		Debug|x86 = Debug|x86
		Release|Any CPU = Release|Any CPU
		Release|x64 = Release|x64
		Release|x86 = Release|x86
		UWP|Any CPU = UWP|Any CPU
		UWP|x64 = UWP|x64
		UWP|x86 = UWP|x86
	EndGlobalSection
	GlobalSection(ProjectConfigurationPlatforms) = postSolution
		{09D2909F-A180-453E-B278-85D0A0BD02DD}.Debug|Any CPU.ActiveCfg = Debug|Any CPU
		{09D2909F-A180-453E-B278-85D0A0BD02DD}.Debug|Any CPU.Build.0 = Debug|Any CPU
		{09D2909F-A180-453E-B278-85D0A0BD02DD}.Debug|x64.ActiveCfg = Debug|Any CPU
		{09D2909F-A180-453E-B278-85D0A0BD02DD}.Debug|x64.Build.0 = Debug|Any CPU
		{09D2909F-A180-453E-B278-85D0A0BD02DD}.Debug|x86.ActiveCfg = Debug|Any CPU
		{09D2909F-A180-453E-B278-85D0A0BD02DD}.Debug|x86.Build.0 = Debug|Any CPU
		{09D2909F-A180-453E-B278-85D0A0BD02DD}.Release|Any CPU.ActiveCfg = Release|Any CPU
		{09D2909F-A180-453E-B278-85D0A0BD02DD}.Release|Any CPU.Build.0 = Release|Any CPU
		{09D2909F-A180-453E-B278-85D0A0BD02DD}.Release|x64.ActiveCfg = Release|Any CPU
		{09D2909F-A180-453E-B278-85D0A0BD02DD}.Release|x64.Build.0 = Release|Any CPU
		{09D2909F-A180-453E-B278-85D0A0BD02DD}.Release|x86.ActiveCfg = Release|Any CPU
		{09D2909F-A180-453E-B278-85D0A0BD02DD}.Release|x86.Build.0 = Release|Any CPU
		{09D2909F-A180-453E-B278-85D0A0BD02DD}.UWP|Any CPU.ActiveCfg = UWP|Any CPU
		{09D2909F-A180-453E-B278-85D0A0BD02DD}.UWP|Any CPU.Build.0 = UWP|Any CPU
		{09D2909F-A180-453E-B278-85D0A0BD02DD}.UWP|x64.ActiveCfg = UWP|Any CPU
		{09D2909F-A180-453E-B278-85D0A0BD02DD}.UWP|x64.Build.0 = UWP|Any CPU
		{09D2909F-A180-453E-B278-85D0A0BD02DD}.UWP|x86.ActiveCfg = UWP|Any CPU
		{09D2909F-A180-453E-B278-85D0A0BD02DD}.UWP|x86.Build.0 = UWP|Any CPU
		{8A0D2E27-B4E1-48C4-BF8F-6FC6117E42BB}.Debug|Any CPU.ActiveCfg = Debug|Any CPU
		{8A0D2E27-B4E1-48C4-BF8F-6FC6117E42BB}.Debug|Any CPU.Build.0 = Debug|Any CPU
		{8A0D2E27-B4E1-48C4-BF8F-6FC6117E42BB}.Debug|x64.ActiveCfg = Debug|Any CPU
		{8A0D2E27-B4E1-48C4-BF8F-6FC6117E42BB}.Debug|x64.Build.0 = Debug|Any CPU
		{8A0D2E27-B4E1-48C4-BF8F-6FC6117E42BB}.Debug|x86.ActiveCfg = Debug|Any CPU
		{8A0D2E27-B4E1-48C4-BF8F-6FC6117E42BB}.Debug|x86.Build.0 = Debug|Any CPU
		{8A0D2E27-B4E1-48C4-BF8F-6FC6117E42BB}.Release|Any CPU.ActiveCfg = Release|Any CPU
		{8A0D2E27-B4E1-48C4-BF8F-6FC6117E42BB}.Release|Any CPU.Build.0 = Release|Any CPU
		{8A0D2E27-B4E1-48C4-BF8F-6FC6117E42BB}.Release|x64.ActiveCfg = Release|Any CPU
		{8A0D2E27-B4E1-48C4-BF8F-6FC6117E42BB}.Release|x64.Build.0 = Release|Any CPU
		{8A0D2E27-B4E1-48C4-BF8F-6FC6117E42BB}.Release|x86.ActiveCfg = Release|Any CPU
		{8A0D2E27-B4E1-48C4-BF8F-6FC6117E42BB}.Release|x86.Build.0 = Release|Any CPU
		{8A0D2E27-B4E1-48C4-BF8F-6FC6117E42BB}.UWP|Any CPU.ActiveCfg = UWP|Any CPU
		{8A0D2E27-B4E1-48C4-BF8F-6FC6117E42BB}.UWP|Any CPU.Build.0 = UWP|Any CPU
		{8A0D2E27-B4E1-48C4-BF8F-6FC6117E42BB}.UWP|x64.ActiveCfg = UWP|Any CPU
		{8A0D2E27-B4E1-48C4-BF8F-6FC6117E42BB}.UWP|x64.Build.0 = UWP|Any CPU
		{8A0D2E27-B4E1-48C4-BF8F-6FC6117E42BB}.UWP|x86.ActiveCfg = UWP|Any CPU
		{8A0D2E27-B4E1-48C4-BF8F-6FC6117E42BB}.UWP|x86.Build.0 = UWP|Any CPU
		{7AA4FE7C-3802-44D6-BA06-951437215C99}.Debug|Any CPU.ActiveCfg = Debug
		{7AA4FE7C-3802-44D6-BA06-951437215C99}.Debug|x64.ActiveCfg = Debug
		{7AA4FE7C-3802-44D6-BA06-951437215C99}.Debug|x64.Build.0 = Debug
		{7AA4FE7C-3802-44D6-BA06-951437215C99}.Debug|x86.ActiveCfg = Debug
		{7AA4FE7C-3802-44D6-BA06-951437215C99}.Debug|x86.Build.0 = Debug
		{7AA4FE7C-3802-44D6-BA06-951437215C99}.Release|Any CPU.ActiveCfg = Release
		{7AA4FE7C-3802-44D6-BA06-951437215C99}.Release|x64.ActiveCfg = Release
		{7AA4FE7C-3802-44D6-BA06-951437215C99}.Release|x64.Build.0 = Release
		{7AA4FE7C-3802-44D6-BA06-951437215C99}.Release|x86.ActiveCfg = Release
		{7AA4FE7C-3802-44D6-BA06-951437215C99}.Release|x86.Build.0 = Release
		{7AA4FE7C-3802-44D6-BA06-951437215C99}.UWP|Any CPU.ActiveCfg = UWP
		{7AA4FE7C-3802-44D6-BA06-951437215C99}.UWP|x64.ActiveCfg = UWP
		{7AA4FE7C-3802-44D6-BA06-951437215C99}.UWP|x64.Build.0 = UWP
		{7AA4FE7C-3802-44D6-BA06-951437215C99}.UWP|x86.ActiveCfg = UWP
		{7AA4FE7C-3802-44D6-BA06-951437215C99}.UWP|x86.Build.0 = UWP
		{63D944ED-ED17-49C5-A78D-DC7D76E567D1}.Debug|Any CPU.ActiveCfg = Debug|Any CPU
		{63D944ED-ED17-49C5-A78D-DC7D76E567D1}.Debug|Any CPU.Build.0 = Debug|Any CPU
		{63D944ED-ED17-49C5-A78D-DC7D76E567D1}.Debug|x64.ActiveCfg = Debug|Any CPU
		{63D944ED-ED17-49C5-A78D-DC7D76E567D1}.Debug|x64.Build.0 = Debug|Any CPU
		{63D944ED-ED17-49C5-A78D-DC7D76E567D1}.Debug|x86.ActiveCfg = Debug|Any CPU
		{63D944ED-ED17-49C5-A78D-DC7D76E567D1}.Debug|x86.Build.0 = Debug|Any CPU
		{63D944ED-ED17-49C5-A78D-DC7D76E567D1}.Release|Any CPU.ActiveCfg = Release|Any CPU
		{63D944ED-ED17-49C5-A78D-DC7D76E567D1}.Release|Any CPU.Build.0 = Release|Any CPU
		{63D944ED-ED17-49C5-A78D-DC7D76E567D1}.Release|x64.ActiveCfg = Release|Any CPU
		{63D944ED-ED17-49C5-A78D-DC7D76E567D1}.Release|x64.Build.0 = Release|Any CPU
		{63D944ED-ED17-49C5-A78D-DC7D76E567D1}.Release|x86.ActiveCfg = Release|Any CPU
		{63D944ED-ED17-49C5-A78D-DC7D76E567D1}.Release|x86.Build.0 = Release|Any CPU
		{63D944ED-ED17-49C5-A78D-DC7D76E567D1}.UWP|Any CPU.ActiveCfg = UWP|Any CPU
		{63D944ED-ED17-49C5-A78D-DC7D76E567D1}.UWP|Any CPU.Build.0 = UWP|Any CPU
		{63D944ED-ED17-49C5-A78D-DC7D76E567D1}.UWP|x64.ActiveCfg = UWP|Any CPU
		{63D944ED-ED17-49C5-A78D-DC7D76E567D1}.UWP|x64.Build.0 = UWP|Any CPU
		{63D944ED-ED17-49C5-A78D-DC7D76E567D1}.UWP|x86.ActiveCfg = UWP|Any CPU
		{63D944ED-ED17-49C5-A78D-DC7D76E567D1}.UWP|x86.Build.0 = UWP|Any CPU
		{194CEC44-DFFC-474D-8729-45B684DCD1D0}.Debug|Any CPU.ActiveCfg = Debug|Any CPU
		{194CEC44-DFFC-474D-8729-45B684DCD1D0}.Debug|Any CPU.Build.0 = Debug|Any CPU
		{194CEC44-DFFC-474D-8729-45B684DCD1D0}.Debug|Any CPU.Deploy.0 = Debug|Any CPU
		{194CEC44-DFFC-474D-8729-45B684DCD1D0}.Debug|x64.ActiveCfg = Debug|x64
		{194CEC44-DFFC-474D-8729-45B684DCD1D0}.Debug|x64.Build.0 = Debug|x64
		{194CEC44-DFFC-474D-8729-45B684DCD1D0}.Debug|x64.Deploy.0 = Debug|x64
		{194CEC44-DFFC-474D-8729-45B684DCD1D0}.Debug|x86.ActiveCfg = Debug|x86
		{194CEC44-DFFC-474D-8729-45B684DCD1D0}.Debug|x86.Build.0 = Debug|x86
		{194CEC44-DFFC-474D-8729-45B684DCD1D0}.Debug|x86.Deploy.0 = Debug|x86
		{194CEC44-DFFC-474D-8729-45B684DCD1D0}.Release|Any CPU.ActiveCfg = Release|Any CPU
		{194CEC44-DFFC-474D-8729-45B684DCD1D0}.Release|Any CPU.Build.0 = Release|Any CPU
		{194CEC44-DFFC-474D-8729-45B684DCD1D0}.Release|Any CPU.Deploy.0 = Release|Any CPU
		{194CEC44-DFFC-474D-8729-45B684DCD1D0}.Release|x64.ActiveCfg = Release|x64
		{194CEC44-DFFC-474D-8729-45B684DCD1D0}.Release|x64.Build.0 = Release|x64
		{194CEC44-DFFC-474D-8729-45B684DCD1D0}.Release|x64.Deploy.0 = Release|x64
		{194CEC44-DFFC-474D-8729-45B684DCD1D0}.Release|x86.ActiveCfg = Release|x86
		{194CEC44-DFFC-474D-8729-45B684DCD1D0}.Release|x86.Build.0 = Release|x86
		{194CEC44-DFFC-474D-8729-45B684DCD1D0}.Release|x86.Deploy.0 = Release|x86
		{194CEC44-DFFC-474D-8729-45B684DCD1D0}.UWP|Any CPU.ActiveCfg = UWP|Any CPU
		{194CEC44-DFFC-474D-8729-45B684DCD1D0}.UWP|Any CPU.Build.0 = UWP|Any CPU
		{194CEC44-DFFC-474D-8729-45B684DCD1D0}.UWP|Any CPU.Deploy.0 = UWP|Any CPU
		{194CEC44-DFFC-474D-8729-45B684DCD1D0}.UWP|x64.ActiveCfg = UWP|x64
		{194CEC44-DFFC-474D-8729-45B684DCD1D0}.UWP|x64.Build.0 = UWP|x64
		{194CEC44-DFFC-474D-8729-45B684DCD1D0}.UWP|x64.Deploy.0 = UWP|x64
		{194CEC44-DFFC-474D-8729-45B684DCD1D0}.UWP|x86.ActiveCfg = UWP|x86
		{194CEC44-DFFC-474D-8729-45B684DCD1D0}.UWP|x86.Build.0 = UWP|x86
		{194CEC44-DFFC-474D-8729-45B684DCD1D0}.UWP|x86.Deploy.0 = UWP|x86
		{A753ABEC-7E6B-4CF5-BAE3-FB53FCAD2195}.Debug|Any CPU.ActiveCfg = Debug|Any CPU
		{A753ABEC-7E6B-4CF5-BAE3-FB53FCAD2195}.Debug|Any CPU.Build.0 = Debug|Any CPU
		{A753ABEC-7E6B-4CF5-BAE3-FB53FCAD2195}.Debug|x64.ActiveCfg = Debug|Any CPU
		{A753ABEC-7E6B-4CF5-BAE3-FB53FCAD2195}.Debug|x64.Build.0 = Debug|Any CPU
		{A753ABEC-7E6B-4CF5-BAE3-FB53FCAD2195}.Debug|x86.ActiveCfg = Debug|Any CPU
		{A753ABEC-7E6B-4CF5-BAE3-FB53FCAD2195}.Debug|x86.Build.0 = Debug|Any CPU
		{A753ABEC-7E6B-4CF5-BAE3-FB53FCAD2195}.Release|Any CPU.ActiveCfg = Release|Any CPU
		{A753ABEC-7E6B-4CF5-BAE3-FB53FCAD2195}.Release|Any CPU.Build.0 = Release|Any CPU
		{A753ABEC-7E6B-4CF5-BAE3-FB53FCAD2195}.Release|x64.ActiveCfg = Release|Any CPU
		{A753ABEC-7E6B-4CF5-BAE3-FB53FCAD2195}.Release|x64.Build.0 = Release|Any CPU
		{A753ABEC-7E6B-4CF5-BAE3-FB53FCAD2195}.Release|x86.ActiveCfg = Release|Any CPU
		{A753ABEC-7E6B-4CF5-BAE3-FB53FCAD2195}.Release|x86.Build.0 = Release|Any CPU
		{A753ABEC-7E6B-4CF5-BAE3-FB53FCAD2195}.UWP|Any CPU.ActiveCfg = Debug|Any CPU
		{A753ABEC-7E6B-4CF5-BAE3-FB53FCAD2195}.UWP|Any CPU.Build.0 = Debug|Any CPU
		{A753ABEC-7E6B-4CF5-BAE3-FB53FCAD2195}.UWP|x64.ActiveCfg = Debug|Any CPU
		{A753ABEC-7E6B-4CF5-BAE3-FB53FCAD2195}.UWP|x64.Build.0 = Debug|Any CPU
		{A753ABEC-7E6B-4CF5-BAE3-FB53FCAD2195}.UWP|x86.ActiveCfg = Debug|Any CPU
		{A753ABEC-7E6B-4CF5-BAE3-FB53FCAD2195}.UWP|x86.Build.0 = Debug|Any CPU
		{0382F264-B1C0-4772-9B1A-4634862746D4}.Debug|Any CPU.ActiveCfg = Debug|Any CPU
		{0382F264-B1C0-4772-9B1A-4634862746D4}.Debug|Any CPU.Build.0 = Debug|Any CPU
		{0382F264-B1C0-4772-9B1A-4634862746D4}.Debug|x64.ActiveCfg = Debug|Any CPU
		{0382F264-B1C0-4772-9B1A-4634862746D4}.Debug|x64.Build.0 = Debug|Any CPU
		{0382F264-B1C0-4772-9B1A-4634862746D4}.Debug|x86.ActiveCfg = Debug|Any CPU
		{0382F264-B1C0-4772-9B1A-4634862746D4}.Debug|x86.Build.0 = Debug|Any CPU
		{0382F264-B1C0-4772-9B1A-4634862746D4}.Release|Any CPU.ActiveCfg = Release|Any CPU
		{0382F264-B1C0-4772-9B1A-4634862746D4}.Release|Any CPU.Build.0 = Release|Any CPU
		{0382F264-B1C0-4772-9B1A-4634862746D4}.Release|x64.ActiveCfg = Release|Any CPU
		{0382F264-B1C0-4772-9B1A-4634862746D4}.Release|x64.Build.0 = Release|Any CPU
		{0382F264-B1C0-4772-9B1A-4634862746D4}.Release|x86.ActiveCfg = Release|Any CPU
		{0382F264-B1C0-4772-9B1A-4634862746D4}.Release|x86.Build.0 = Release|Any CPU
		{0382F264-B1C0-4772-9B1A-4634862746D4}.UWP|Any CPU.ActiveCfg = Debug|Any CPU
		{0382F264-B1C0-4772-9B1A-4634862746D4}.UWP|Any CPU.Build.0 = Debug|Any CPU
		{0382F264-B1C0-4772-9B1A-4634862746D4}.UWP|x64.ActiveCfg = Debug|Any CPU
		{0382F264-B1C0-4772-9B1A-4634862746D4}.UWP|x64.Build.0 = Debug|Any CPU
		{0382F264-B1C0-4772-9B1A-4634862746D4}.UWP|x86.ActiveCfg = Debug|Any CPU
		{0382F264-B1C0-4772-9B1A-4634862746D4}.UWP|x86.Build.0 = Debug|Any CPU
		{2322AA7B-6C63-40DC-9413-B646ED98813A}.Debug|Any CPU.ActiveCfg = Debug|Any CPU
		{2322AA7B-6C63-40DC-9413-B646ED98813A}.Debug|Any CPU.Build.0 = Debug|Any CPU
		{2322AA7B-6C63-40DC-9413-B646ED98813A}.Debug|x64.ActiveCfg = Debug|Any CPU
		{2322AA7B-6C63-40DC-9413-B646ED98813A}.Debug|x64.Build.0 = Debug|Any CPU
		{2322AA7B-6C63-40DC-9413-B646ED98813A}.Debug|x86.ActiveCfg = Debug|Any CPU
		{2322AA7B-6C63-40DC-9413-B646ED98813A}.Debug|x86.Build.0 = Debug|Any CPU
		{2322AA7B-6C63-40DC-9413-B646ED98813A}.Release|Any CPU.ActiveCfg = Release|Any CPU
		{2322AA7B-6C63-40DC-9413-B646ED98813A}.Release|Any CPU.Build.0 = Release|Any CPU
		{2322AA7B-6C63-40DC-9413-B646ED98813A}.Release|x64.ActiveCfg = Release|Any CPU
		{2322AA7B-6C63-40DC-9413-B646ED98813A}.Release|x64.Build.0 = Release|Any CPU
		{2322AA7B-6C63-40DC-9413-B646ED98813A}.Release|x86.ActiveCfg = Release|Any CPU
		{2322AA7B-6C63-40DC-9413-B646ED98813A}.Release|x86.Build.0 = Release|Any CPU
		{2322AA7B-6C63-40DC-9413-B646ED98813A}.UWP|Any CPU.ActiveCfg = Debug|Any CPU
		{2322AA7B-6C63-40DC-9413-B646ED98813A}.UWP|Any CPU.Build.0 = Debug|Any CPU
		{2322AA7B-6C63-40DC-9413-B646ED98813A}.UWP|x64.ActiveCfg = Debug|Any CPU
		{2322AA7B-6C63-40DC-9413-B646ED98813A}.UWP|x64.Build.0 = Debug|Any CPU
		{2322AA7B-6C63-40DC-9413-B646ED98813A}.UWP|x86.ActiveCfg = Debug|Any CPU
		{2322AA7B-6C63-40DC-9413-B646ED98813A}.UWP|x86.Build.0 = Debug|Any CPU
	EndGlobalSection
	GlobalSection(SolutionProperties) = preSolution
		HideSolutionNode = FALSE
	EndGlobalSection
	GlobalSection(ExtensibilityGlobals) = postSolution
		SolutionGuid = {0F2D8172-85BA-4EA6-B6B9-AA9E38458094}
	EndGlobalSection
EndGlobal
