
Microsoft Visual Studio Solution File, Format Version 12.00
# Visual Studio Version 16
VisualStudioVersion = 16.0.29806.167
MinimumVisualStudioVersion = 15.0.26124.0
Project("{9A19103F-16F7-4668-BE54-9A1E7A4F7556}") = "ImageSort", "src\ImageSort\ImageSort.csproj", "{7DAF4545-3E6D-4015-8C8F-C312B6D3F465}"
EndProject
Project("{9A19103F-16F7-4668-BE54-9A1E7A4F7556}") = "ImageSort.WPF", "src\ImageSort.WPF\ImageSort.WPF.csproj", "{FF41F5A7-55C5-47BD-8A6D-D8EB86E9C967}"
EndProject
Project("{9A19103F-16F7-4668-BE54-9A1E7A4F7556}") = "ImageSort.UnitTests", "tests\ImageSort.UnitTests\ImageSort.UnitTests.csproj", "{4E5B0352-9E1A-4930-9455-F1B2A9E682D8}"
EndProject
Project("{930C7802-8A8C-48F9-8165-68863BCCD9DD}") = "ImageSort.WindowsSetup", "src\ImageSort.WindowsSetup\ImageSort.WindowsSetup.wixproj", "{E23B5421-90AF-437C-A2B1-73EFD57283EA}"
EndProject
Project("{2150E333-8FDC-42A3-9474-1A3956D46DE8}") = "Solution Items", "Solution Items", "{9550B546-E9B0-45D2-AA67-2B9819BB8BF2}"
	ProjectSection(SolutionItems) = preProject
		.gitignore = .gitignore
		appveyor.yml = appveyor.yml
		Image Sort.svg = Image Sort.svg
	EndProjectSection
EndProject
Project("{9A19103F-16F7-4668-BE54-9A1E7A4F7556}") = "ImageSort.WindowsUpdater", "src\ImageSort.WindowsUpdater\ImageSort.WindowsUpdater.csproj", "{826C2537-7F2E-4CE5-BC4E-65D800FF2868}"
EndProject
Project("{9A19103F-16F7-4668-BE54-9A1E7A4F7556}") = "ImageSort.Localization", "src\ImageSort.Localization\ImageSort.Localization.csproj", "{DF9B003E-4B31-494D-8186-15CE8DD69489}"
EndProject
Project("{C7167F0D-BC9F-4E6E-AFE1-012C56B48DB5}") = "ImageSort.MSIX", "src\ImageSort.MSIX\ImageSort.MSIX.wapproj", "{1E511652-E2A5-44EE-B0F6-E8E53FD6AA8F}"
EndProject
Project("{2150E333-8FDC-42A3-9474-1A3956D46DE8}") = "src", "src", "{D1378C69-4AE6-4045-9CE3-1310C1DAFB2D}"
EndProject
Project("{2150E333-8FDC-42A3-9474-1A3956D46DE8}") = "tests", "tests", "{0F31C99F-8F09-4B2C-9411-26532A69AE62}"
EndProject
Global
	GlobalSection(SolutionConfigurationPlatforms) = preSolution
		Debug|Any CPU = Debug|Any CPU
		Debug|ARM = Debug|ARM
		Debug|ARM64 = Debug|ARM64
		Debug|x64 = Debug|x64
		Debug|x86 = Debug|x86
		MSIX|Any CPU = MSIX|Any CPU
		MSIX|ARM = MSIX|ARM
		MSIX|ARM64 = MSIX|ARM64
		MSIX|x64 = MSIX|x64
		MSIX|x86 = MSIX|x86
		Release|Any CPU = Release|Any CPU
		Release|ARM = Release|ARM
		Release|ARM64 = Release|ARM64
		Release|x64 = Release|x64
		Release|x86 = Release|x86
	EndGlobalSection
	GlobalSection(ProjectConfigurationPlatforms) = postSolution
		{7DAF4545-3E6D-4015-8C8F-C312B6D3F465}.Debug|Any CPU.ActiveCfg = Debug|Any CPU
		{7DAF4545-3E6D-4015-8C8F-C312B6D3F465}.Debug|Any CPU.Build.0 = Debug|Any CPU
		{7DAF4545-3E6D-4015-8C8F-C312B6D3F465}.Debug|ARM.ActiveCfg = Debug|Any CPU
		{7DAF4545-3E6D-4015-8C8F-C312B6D3F465}.Debug|ARM.Build.0 = Debug|Any CPU
		{7DAF4545-3E6D-4015-8C8F-C312B6D3F465}.Debug|ARM64.ActiveCfg = Debug|Any CPU
		{7DAF4545-3E6D-4015-8C8F-C312B6D3F465}.Debug|ARM64.Build.0 = Debug|Any CPU
		{7DAF4545-3E6D-4015-8C8F-C312B6D3F465}.Debug|x64.ActiveCfg = Debug|Any CPU
		{7DAF4545-3E6D-4015-8C8F-C312B6D3F465}.Debug|x64.Build.0 = Debug|Any CPU
		{7DAF4545-3E6D-4015-8C8F-C312B6D3F465}.Debug|x86.ActiveCfg = Debug|Any CPU
		{7DAF4545-3E6D-4015-8C8F-C312B6D3F465}.Debug|x86.Build.0 = Debug|Any CPU
		{7DAF4545-3E6D-4015-8C8F-C312B6D3F465}.MSIX|Any CPU.ActiveCfg = MSIX|Any CPU
		{7DAF4545-3E6D-4015-8C8F-C312B6D3F465}.MSIX|Any CPU.Build.0 = MSIX|Any CPU
		{7DAF4545-3E6D-4015-8C8F-C312B6D3F465}.MSIX|ARM.ActiveCfg = MSIX|Any CPU
		{7DAF4545-3E6D-4015-8C8F-C312B6D3F465}.MSIX|ARM.Build.0 = MSIX|Any CPU
		{7DAF4545-3E6D-4015-8C8F-C312B6D3F465}.MSIX|ARM64.ActiveCfg = MSIX|Any CPU
		{7DAF4545-3E6D-4015-8C8F-C312B6D3F465}.MSIX|ARM64.Build.0 = MSIX|Any CPU
		{7DAF4545-3E6D-4015-8C8F-C312B6D3F465}.MSIX|x64.ActiveCfg = MSIX|Any CPU
		{7DAF4545-3E6D-4015-8C8F-C312B6D3F465}.MSIX|x64.Build.0 = MSIX|Any CPU
		{7DAF4545-3E6D-4015-8C8F-C312B6D3F465}.MSIX|x86.ActiveCfg = MSIX|Any CPU
		{7DAF4545-3E6D-4015-8C8F-C312B6D3F465}.MSIX|x86.Build.0 = MSIX|Any CPU
		{7DAF4545-3E6D-4015-8C8F-C312B6D3F465}.Release|Any CPU.ActiveCfg = Release|Any CPU
		{7DAF4545-3E6D-4015-8C8F-C312B6D3F465}.Release|Any CPU.Build.0 = Release|Any CPU
		{7DAF4545-3E6D-4015-8C8F-C312B6D3F465}.Release|ARM.ActiveCfg = Release|Any CPU
		{7DAF4545-3E6D-4015-8C8F-C312B6D3F465}.Release|ARM.Build.0 = Release|Any CPU
		{7DAF4545-3E6D-4015-8C8F-C312B6D3F465}.Release|ARM64.ActiveCfg = Release|Any CPU
		{7DAF4545-3E6D-4015-8C8F-C312B6D3F465}.Release|ARM64.Build.0 = Release|Any CPU
		{7DAF4545-3E6D-4015-8C8F-C312B6D3F465}.Release|x64.ActiveCfg = Release|Any CPU
		{7DAF4545-3E6D-4015-8C8F-C312B6D3F465}.Release|x64.Build.0 = Release|Any CPU
		{7DAF4545-3E6D-4015-8C8F-C312B6D3F465}.Release|x86.ActiveCfg = Release|Any CPU
		{7DAF4545-3E6D-4015-8C8F-C312B6D3F465}.Release|x86.Build.0 = Release|Any CPU
		{FF41F5A7-55C5-47BD-8A6D-D8EB86E9C967}.Debug|Any CPU.ActiveCfg = Debug|Any CPU
		{FF41F5A7-55C5-47BD-8A6D-D8EB86E9C967}.Debug|Any CPU.Build.0 = Debug|Any CPU
		{FF41F5A7-55C5-47BD-8A6D-D8EB86E9C967}.Debug|ARM.ActiveCfg = Debug|Any CPU
		{FF41F5A7-55C5-47BD-8A6D-D8EB86E9C967}.Debug|ARM.Build.0 = Debug|Any CPU
		{FF41F5A7-55C5-47BD-8A6D-D8EB86E9C967}.Debug|ARM64.ActiveCfg = Debug|Any CPU
		{FF41F5A7-55C5-47BD-8A6D-D8EB86E9C967}.Debug|ARM64.Build.0 = Debug|Any CPU
		{FF41F5A7-55C5-47BD-8A6D-D8EB86E9C967}.Debug|x64.ActiveCfg = Debug|Any CPU
		{FF41F5A7-55C5-47BD-8A6D-D8EB86E9C967}.Debug|x64.Build.0 = Debug|Any CPU
		{FF41F5A7-55C5-47BD-8A6D-D8EB86E9C967}.Debug|x86.ActiveCfg = Debug|Any CPU
		{FF41F5A7-55C5-47BD-8A6D-D8EB86E9C967}.Debug|x86.Build.0 = Debug|Any CPU
		{FF41F5A7-55C5-47BD-8A6D-D8EB86E9C967}.MSIX|Any CPU.ActiveCfg = MSIX|Any CPU
		{FF41F5A7-55C5-47BD-8A6D-D8EB86E9C967}.MSIX|Any CPU.Build.0 = MSIX|Any CPU
		{FF41F5A7-55C5-47BD-8A6D-D8EB86E9C967}.MSIX|ARM.ActiveCfg = MSIX|Any CPU
		{FF41F5A7-55C5-47BD-8A6D-D8EB86E9C967}.MSIX|ARM.Build.0 = MSIX|Any CPU
		{FF41F5A7-55C5-47BD-8A6D-D8EB86E9C967}.MSIX|ARM64.ActiveCfg = MSIX|Any CPU
		{FF41F5A7-55C5-47BD-8A6D-D8EB86E9C967}.MSIX|ARM64.Build.0 = MSIX|Any CPU
		{FF41F5A7-55C5-47BD-8A6D-D8EB86E9C967}.MSIX|x64.ActiveCfg = MSIX|Any CPU
		{FF41F5A7-55C5-47BD-8A6D-D8EB86E9C967}.MSIX|x64.Build.0 = MSIX|Any CPU
		{FF41F5A7-55C5-47BD-8A6D-D8EB86E9C967}.MSIX|x86.ActiveCfg = MSIX|Any CPU
		{FF41F5A7-55C5-47BD-8A6D-D8EB86E9C967}.MSIX|x86.Build.0 = MSIX|Any CPU
		{FF41F5A7-55C5-47BD-8A6D-D8EB86E9C967}.Release|Any CPU.ActiveCfg = Release|Any CPU
		{FF41F5A7-55C5-47BD-8A6D-D8EB86E9C967}.Release|Any CPU.Build.0 = Release|Any CPU
		{FF41F5A7-55C5-47BD-8A6D-D8EB86E9C967}.Release|ARM.ActiveCfg = Release|Any CPU
		{FF41F5A7-55C5-47BD-8A6D-D8EB86E9C967}.Release|ARM.Build.0 = Release|Any CPU
		{FF41F5A7-55C5-47BD-8A6D-D8EB86E9C967}.Release|ARM64.ActiveCfg = Release|Any CPU
		{FF41F5A7-55C5-47BD-8A6D-D8EB86E9C967}.Release|ARM64.Build.0 = Release|Any CPU
		{FF41F5A7-55C5-47BD-8A6D-D8EB86E9C967}.Release|x64.ActiveCfg = Release|Any CPU
		{FF41F5A7-55C5-47BD-8A6D-D8EB86E9C967}.Release|x64.Build.0 = Release|Any CPU
		{FF41F5A7-55C5-47BD-8A6D-D8EB86E9C967}.Release|x86.ActiveCfg = Release|Any CPU
		{FF41F5A7-55C5-47BD-8A6D-D8EB86E9C967}.Release|x86.Build.0 = Release|Any CPU
		{4E5B0352-9E1A-4930-9455-F1B2A9E682D8}.Debug|Any CPU.ActiveCfg = Debug|Any CPU
		{4E5B0352-9E1A-4930-9455-F1B2A9E682D8}.Debug|Any CPU.Build.0 = Debug|Any CPU
		{4E5B0352-9E1A-4930-9455-F1B2A9E682D8}.Debug|ARM.ActiveCfg = Debug|Any CPU
		{4E5B0352-9E1A-4930-9455-F1B2A9E682D8}.Debug|ARM.Build.0 = Debug|Any CPU
		{4E5B0352-9E1A-4930-9455-F1B2A9E682D8}.Debug|ARM64.ActiveCfg = Debug|Any CPU
		{4E5B0352-9E1A-4930-9455-F1B2A9E682D8}.Debug|ARM64.Build.0 = Debug|Any CPU
		{4E5B0352-9E1A-4930-9455-F1B2A9E682D8}.Debug|x64.ActiveCfg = Debug|Any CPU
		{4E5B0352-9E1A-4930-9455-F1B2A9E682D8}.Debug|x64.Build.0 = Debug|Any CPU
		{4E5B0352-9E1A-4930-9455-F1B2A9E682D8}.Debug|x86.ActiveCfg = Debug|Any CPU
		{4E5B0352-9E1A-4930-9455-F1B2A9E682D8}.Debug|x86.Build.0 = Debug|Any CPU
		{4E5B0352-9E1A-4930-9455-F1B2A9E682D8}.MSIX|Any CPU.ActiveCfg = MSIX|Any CPU
		{4E5B0352-9E1A-4930-9455-F1B2A9E682D8}.MSIX|Any CPU.Build.0 = MSIX|Any CPU
		{4E5B0352-9E1A-4930-9455-F1B2A9E682D8}.MSIX|ARM.ActiveCfg = MSIX|Any CPU
		{4E5B0352-9E1A-4930-9455-F1B2A9E682D8}.MSIX|ARM.Build.0 = MSIX|Any CPU
		{4E5B0352-9E1A-4930-9455-F1B2A9E682D8}.MSIX|ARM64.ActiveCfg = MSIX|Any CPU
		{4E5B0352-9E1A-4930-9455-F1B2A9E682D8}.MSIX|ARM64.Build.0 = MSIX|Any CPU
		{4E5B0352-9E1A-4930-9455-F1B2A9E682D8}.MSIX|x64.ActiveCfg = MSIX|Any CPU
		{4E5B0352-9E1A-4930-9455-F1B2A9E682D8}.MSIX|x64.Build.0 = MSIX|Any CPU
		{4E5B0352-9E1A-4930-9455-F1B2A9E682D8}.MSIX|x86.ActiveCfg = MSIX|Any CPU
		{4E5B0352-9E1A-4930-9455-F1B2A9E682D8}.MSIX|x86.Build.0 = MSIX|Any CPU
		{4E5B0352-9E1A-4930-9455-F1B2A9E682D8}.Release|Any CPU.ActiveCfg = Release|Any CPU
		{4E5B0352-9E1A-4930-9455-F1B2A9E682D8}.Release|Any CPU.Build.0 = Release|Any CPU
		{4E5B0352-9E1A-4930-9455-F1B2A9E682D8}.Release|ARM.ActiveCfg = Release|Any CPU
		{4E5B0352-9E1A-4930-9455-F1B2A9E682D8}.Release|ARM.Build.0 = Release|Any CPU
		{4E5B0352-9E1A-4930-9455-F1B2A9E682D8}.Release|ARM64.ActiveCfg = Release|Any CPU
		{4E5B0352-9E1A-4930-9455-F1B2A9E682D8}.Release|ARM64.Build.0 = Release|Any CPU
		{4E5B0352-9E1A-4930-9455-F1B2A9E682D8}.Release|x64.ActiveCfg = Release|Any CPU
		{4E5B0352-9E1A-4930-9455-F1B2A9E682D8}.Release|x64.Build.0 = Release|Any CPU
		{4E5B0352-9E1A-4930-9455-F1B2A9E682D8}.Release|x86.ActiveCfg = Release|Any CPU
		{4E5B0352-9E1A-4930-9455-F1B2A9E682D8}.Release|x86.Build.0 = Release|Any CPU
		{E23B5421-90AF-437C-A2B1-73EFD57283EA}.Debug|Any CPU.ActiveCfg = Debug|x86
		{E23B5421-90AF-437C-A2B1-73EFD57283EA}.Debug|ARM.ActiveCfg = Debug|x86
		{E23B5421-90AF-437C-A2B1-73EFD57283EA}.Debug|ARM64.ActiveCfg = Debug|x86
		{E23B5421-90AF-437C-A2B1-73EFD57283EA}.Debug|x64.ActiveCfg = Debug|x86
		{E23B5421-90AF-437C-A2B1-73EFD57283EA}.Debug|x86.ActiveCfg = Debug|x86
		{E23B5421-90AF-437C-A2B1-73EFD57283EA}.MSIX|Any CPU.ActiveCfg = Release|x64
		{E23B5421-90AF-437C-A2B1-73EFD57283EA}.MSIX|ARM.ActiveCfg = Release|x64
		{E23B5421-90AF-437C-A2B1-73EFD57283EA}.MSIX|ARM64.ActiveCfg = Release|x64
		{E23B5421-90AF-437C-A2B1-73EFD57283EA}.MSIX|x64.ActiveCfg = Release|x64
		{E23B5421-90AF-437C-A2B1-73EFD57283EA}.MSIX|x86.ActiveCfg = Release|x86
		{E23B5421-90AF-437C-A2B1-73EFD57283EA}.Release|Any CPU.ActiveCfg = Release|x86
		{E23B5421-90AF-437C-A2B1-73EFD57283EA}.Release|ARM.ActiveCfg = Release|x86
		{E23B5421-90AF-437C-A2B1-73EFD57283EA}.Release|ARM64.ActiveCfg = Release|x86
		{E23B5421-90AF-437C-A2B1-73EFD57283EA}.Release|x64.ActiveCfg = Release|x86
		{E23B5421-90AF-437C-A2B1-73EFD57283EA}.Release|x86.ActiveCfg = Release|x86
		{826C2537-7F2E-4CE5-BC4E-65D800FF2868}.Debug|Any CPU.ActiveCfg = Debug|Any CPU
		{826C2537-7F2E-4CE5-BC4E-65D800FF2868}.Debug|Any CPU.Build.0 = Debug|Any CPU
		{826C2537-7F2E-4CE5-BC4E-65D800FF2868}.Debug|ARM.ActiveCfg = Debug|Any CPU
		{826C2537-7F2E-4CE5-BC4E-65D800FF2868}.Debug|ARM.Build.0 = Debug|Any CPU
		{826C2537-7F2E-4CE5-BC4E-65D800FF2868}.Debug|ARM64.ActiveCfg = Debug|Any CPU
		{826C2537-7F2E-4CE5-BC4E-65D800FF2868}.Debug|ARM64.Build.0 = Debug|Any CPU
		{826C2537-7F2E-4CE5-BC4E-65D800FF2868}.Debug|x64.ActiveCfg = Debug|Any CPU
		{826C2537-7F2E-4CE5-BC4E-65D800FF2868}.Debug|x64.Build.0 = Debug|Any CPU
		{826C2537-7F2E-4CE5-BC4E-65D800FF2868}.Debug|x86.ActiveCfg = Debug|Any CPU
		{826C2537-7F2E-4CE5-BC4E-65D800FF2868}.Debug|x86.Build.0 = Debug|Any CPU
		{826C2537-7F2E-4CE5-BC4E-65D800FF2868}.MSIX|Any CPU.ActiveCfg = MSIX|Any CPU
		{826C2537-7F2E-4CE5-BC4E-65D800FF2868}.MSIX|ARM.ActiveCfg = MSIX|Any CPU
		{826C2537-7F2E-4CE5-BC4E-65D800FF2868}.MSIX|ARM64.ActiveCfg = MSIX|Any CPU
		{826C2537-7F2E-4CE5-BC4E-65D800FF2868}.MSIX|x64.ActiveCfg = MSIX|Any CPU
		{826C2537-7F2E-4CE5-BC4E-65D800FF2868}.MSIX|x86.ActiveCfg = MSIX|Any CPU
		{826C2537-7F2E-4CE5-BC4E-65D800FF2868}.Release|Any CPU.ActiveCfg = Release|Any CPU
		{826C2537-7F2E-4CE5-BC4E-65D800FF2868}.Release|Any CPU.Build.0 = Release|Any CPU
		{826C2537-7F2E-4CE5-BC4E-65D800FF2868}.Release|ARM.ActiveCfg = Release|Any CPU
		{826C2537-7F2E-4CE5-BC4E-65D800FF2868}.Release|ARM.Build.0 = Release|Any CPU
		{826C2537-7F2E-4CE5-BC4E-65D800FF2868}.Release|ARM64.ActiveCfg = Release|Any CPU
		{826C2537-7F2E-4CE5-BC4E-65D800FF2868}.Release|ARM64.Build.0 = Release|Any CPU
		{826C2537-7F2E-4CE5-BC4E-65D800FF2868}.Release|x64.ActiveCfg = Release|Any CPU
		{826C2537-7F2E-4CE5-BC4E-65D800FF2868}.Release|x64.Build.0 = Release|Any CPU
		{826C2537-7F2E-4CE5-BC4E-65D800FF2868}.Release|x86.ActiveCfg = Release|Any CPU
		{826C2537-7F2E-4CE5-BC4E-65D800FF2868}.Release|x86.Build.0 = Release|Any CPU
		{DF9B003E-4B31-494D-8186-15CE8DD69489}.Debug|Any CPU.ActiveCfg = Debug|Any CPU
		{DF9B003E-4B31-494D-8186-15CE8DD69489}.Debug|Any CPU.Build.0 = Debug|Any CPU
		{DF9B003E-4B31-494D-8186-15CE8DD69489}.Debug|ARM.ActiveCfg = Debug|Any CPU
		{DF9B003E-4B31-494D-8186-15CE8DD69489}.Debug|ARM.Build.0 = Debug|Any CPU
		{DF9B003E-4B31-494D-8186-15CE8DD69489}.Debug|ARM64.ActiveCfg = Debug|Any CPU
		{DF9B003E-4B31-494D-8186-15CE8DD69489}.Debug|ARM64.Build.0 = Debug|Any CPU
		{DF9B003E-4B31-494D-8186-15CE8DD69489}.Debug|x64.ActiveCfg = Debug|Any CPU
		{DF9B003E-4B31-494D-8186-15CE8DD69489}.Debug|x64.Build.0 = Debug|Any CPU
		{DF9B003E-4B31-494D-8186-15CE8DD69489}.Debug|x86.ActiveCfg = Debug|Any CPU
		{DF9B003E-4B31-494D-8186-15CE8DD69489}.Debug|x86.Build.0 = Debug|Any CPU
		{DF9B003E-4B31-494D-8186-15CE8DD69489}.MSIX|Any CPU.ActiveCfg = MSIX|Any CPU
		{DF9B003E-4B31-494D-8186-15CE8DD69489}.MSIX|Any CPU.Build.0 = MSIX|Any CPU
		{DF9B003E-4B31-494D-8186-15CE8DD69489}.MSIX|ARM.ActiveCfg = MSIX|Any CPU
		{DF9B003E-4B31-494D-8186-15CE8DD69489}.MSIX|ARM.Build.0 = MSIX|Any CPU
		{DF9B003E-4B31-494D-8186-15CE8DD69489}.MSIX|ARM64.ActiveCfg = MSIX|Any CPU
		{DF9B003E-4B31-494D-8186-15CE8DD69489}.MSIX|ARM64.Build.0 = MSIX|Any CPU
		{DF9B003E-4B31-494D-8186-15CE8DD69489}.MSIX|x64.ActiveCfg = MSIX|Any CPU
		{DF9B003E-4B31-494D-8186-15CE8DD69489}.MSIX|x64.Build.0 = MSIX|Any CPU
		{DF9B003E-4B31-494D-8186-15CE8DD69489}.MSIX|x86.ActiveCfg = MSIX|Any CPU
		{DF9B003E-4B31-494D-8186-15CE8DD69489}.MSIX|x86.Build.0 = MSIX|Any CPU
		{DF9B003E-4B31-494D-8186-15CE8DD69489}.Release|Any CPU.ActiveCfg = Release|Any CPU
		{DF9B003E-4B31-494D-8186-15CE8DD69489}.Release|Any CPU.Build.0 = Release|Any CPU
		{DF9B003E-4B31-494D-8186-15CE8DD69489}.Release|ARM.ActiveCfg = Release|Any CPU
		{DF9B003E-4B31-494D-8186-15CE8DD69489}.Release|ARM.Build.0 = Release|Any CPU
		{DF9B003E-4B31-494D-8186-15CE8DD69489}.Release|ARM64.ActiveCfg = Release|Any CPU
		{DF9B003E-4B31-494D-8186-15CE8DD69489}.Release|ARM64.Build.0 = Release|Any CPU
		{DF9B003E-4B31-494D-8186-15CE8DD69489}.Release|x64.ActiveCfg = Release|Any CPU
		{DF9B003E-4B31-494D-8186-15CE8DD69489}.Release|x64.Build.0 = Release|Any CPU
		{DF9B003E-4B31-494D-8186-15CE8DD69489}.Release|x86.ActiveCfg = Release|Any CPU
		{DF9B003E-4B31-494D-8186-15CE8DD69489}.Release|x86.Build.0 = Release|Any CPU
		{1E511652-E2A5-44EE-B0F6-E8E53FD6AA8F}.Debug|Any CPU.ActiveCfg = Debug|Any CPU
		{1E511652-E2A5-44EE-B0F6-E8E53FD6AA8F}.Debug|ARM.ActiveCfg = Debug|ARM
		{1E511652-E2A5-44EE-B0F6-E8E53FD6AA8F}.Debug|ARM64.ActiveCfg = Debug|ARM64
		{1E511652-E2A5-44EE-B0F6-E8E53FD6AA8F}.Debug|x64.ActiveCfg = Debug|x64
		{1E511652-E2A5-44EE-B0F6-E8E53FD6AA8F}.Debug|x86.ActiveCfg = Debug|x86
		{1E511652-E2A5-44EE-B0F6-E8E53FD6AA8F}.MSIX|Any CPU.ActiveCfg = MSIX|Any CPU
		{1E511652-E2A5-44EE-B0F6-E8E53FD6AA8F}.MSIX|Any CPU.Build.0 = MSIX|Any CPU
		{1E511652-E2A5-44EE-B0F6-E8E53FD6AA8F}.MSIX|Any CPU.Deploy.0 = MSIX|Any CPU
		{1E511652-E2A5-44EE-B0F6-E8E53FD6AA8F}.MSIX|ARM.ActiveCfg = MSIX|ARM
		{1E511652-E2A5-44EE-B0F6-E8E53FD6AA8F}.MSIX|ARM.Build.0 = MSIX|ARM
		{1E511652-E2A5-44EE-B0F6-E8E53FD6AA8F}.MSIX|ARM.Deploy.0 = MSIX|ARM
		{1E511652-E2A5-44EE-B0F6-E8E53FD6AA8F}.MSIX|ARM64.ActiveCfg = MSIX|ARM64
		{1E511652-E2A5-44EE-B0F6-E8E53FD6AA8F}.MSIX|ARM64.Build.0 = MSIX|ARM64
		{1E511652-E2A5-44EE-B0F6-E8E53FD6AA8F}.MSIX|ARM64.Deploy.0 = MSIX|ARM64
		{1E511652-E2A5-44EE-B0F6-E8E53FD6AA8F}.MSIX|x64.ActiveCfg = MSIX|x64
		{1E511652-E2A5-44EE-B0F6-E8E53FD6AA8F}.MSIX|x64.Build.0 = MSIX|x64
		{1E511652-E2A5-44EE-B0F6-E8E53FD6AA8F}.MSIX|x64.Deploy.0 = MSIX|x64
		{1E511652-E2A5-44EE-B0F6-E8E53FD6AA8F}.MSIX|x86.ActiveCfg = MSIX|x86
		{1E511652-E2A5-44EE-B0F6-E8E53FD6AA8F}.MSIX|x86.Build.0 = MSIX|x86
		{1E511652-E2A5-44EE-B0F6-E8E53FD6AA8F}.MSIX|x86.Deploy.0 = MSIX|x86
		{1E511652-E2A5-44EE-B0F6-E8E53FD6AA8F}.Release|Any CPU.ActiveCfg = Release|Any CPU
		{1E511652-E2A5-44EE-B0F6-E8E53FD6AA8F}.Release|ARM.ActiveCfg = Release|ARM
		{1E511652-E2A5-44EE-B0F6-E8E53FD6AA8F}.Release|ARM64.ActiveCfg = Release|ARM64
		{1E511652-E2A5-44EE-B0F6-E8E53FD6AA8F}.Release|x64.ActiveCfg = Release|x64
		{1E511652-E2A5-44EE-B0F6-E8E53FD6AA8F}.Release|x86.ActiveCfg = Release|x86
	EndGlobalSection
	GlobalSection(SolutionProperties) = preSolution
		HideSolutionNode = FALSE
	EndGlobalSection
	GlobalSection(NestedProjects) = preSolution
		{7DAF4545-3E6D-4015-8C8F-C312B6D3F465} = {D1378C69-4AE6-4045-9CE3-1310C1DAFB2D}
		{FF41F5A7-55C5-47BD-8A6D-D8EB86E9C967} = {D1378C69-4AE6-4045-9CE3-1310C1DAFB2D}
		{4E5B0352-9E1A-4930-9455-F1B2A9E682D8} = {0F31C99F-8F09-4B2C-9411-26532A69AE62}
		{E23B5421-90AF-437C-A2B1-73EFD57283EA} = {D1378C69-4AE6-4045-9CE3-1310C1DAFB2D}
		{826C2537-7F2E-4CE5-BC4E-65D800FF2868} = {D1378C69-4AE6-4045-9CE3-1310C1DAFB2D}
		{DF9B003E-4B31-494D-8186-15CE8DD69489} = {D1378C69-4AE6-4045-9CE3-1310C1DAFB2D}
		{1E511652-E2A5-44EE-B0F6-E8E53FD6AA8F} = {D1378C69-4AE6-4045-9CE3-1310C1DAFB2D}
	EndGlobalSection
	GlobalSection(ExtensibilityGlobals) = postSolution
		SolutionGuid = {0577168B-4A3F-4316-8E17-0E4423B092CC}
	EndGlobalSection
EndGlobal
